{
  "originHash" : "5d799139e96be43e14f3634a77dc80b8905612db1d2b79f8ae19594f2c129b9c",
  "pins" : [
    {
      "identity" : "capacitor-swift-pm",
      "kind" : "remoteSourceControl",
      "location" : "https://github.com/ionic-team/capacitor-swift-pm.git",
      "state" : {
        "revision" : "0b6882e9a3288342aacf36348e5a94e4f1dd7b13",
        "version" : "8.5.2"
      }
    },
    {
      "identity" : "ion-ios-camera",
      "kind" : "remoteSourceControl",
      "location" : "https://github.com/ionic-team/ion-ios-camera.git",
      "state" : {
        "revision" : "00c3dfdd6267f80db299d9c5a0bad522156b6cbc",
        "version" : "2.0.0"
      }
    }
  ],
  "version" : 3
}
